
Microsoft Visual Studio Solution File, Format Version 11.00
# Visual Studio 2010
# SharpDevelop 5.1
Project("{FAE04EC0-301F-11D3-BF4B-00C04F79EFBC}") = "ex10", "ex10\ex10.csproj", "{0C6DFA84-FC8B-429E-9A26-0957E2C5B804}"
EndProject
Global
	GlobalSection(SolutionConfigurationPlatforms) = preSolution
		Debug|Any CPU = Debug|Any CPU
		Release|Any CPU = Release|Any CPU
	EndGlobalSection
	GlobalSection(ProjectConfigurationPlatforms) = postSolution
		{0C6DFA84-FC8B-429E-9A26-0957E2C5B804}.Debug|Any CPU.ActiveCfg = Debug|Any CPU
		{0C6DFA84-FC8B-429E-9A26-0957E2C5B804}.Debug|Any CPU.Build.0 = Debug|Any CPU
		{0C6DFA84-FC8B-429E-9A26-0957E2C5B804}.Release|Any CPU.ActiveCfg = Release|Any CPU
		{0C6DFA84-FC8B-429E-9A26-0957E2C5B804}.Release|Any CPU.Build.0 = Release|Any CPU
	EndGlobalSection
EndGlobal
