
Microsoft Visual Studio Solution File, Format Version 11.00
# Visual Studio 2010
# SharpDevelop 5.1
Project("{FAE04EC0-301F-11D3-BF4B-00C04F79EFBC}") = "ex3", "ex3\ex3.csproj", "{65258393-0F23-46FB-91DE-52B1ECE78B1B}"
EndProject
Global
	GlobalSection(SolutionConfigurationPlatforms) = preSolution
		Debug|Any CPU = Debug|Any CPU
		Release|Any CPU = Release|Any CPU
	EndGlobalSection
	GlobalSection(ProjectConfigurationPlatforms) = postSolution
		{65258393-0F23-46FB-91DE-52B1ECE78B1B}.Debug|Any CPU.ActiveCfg = Debug|Any CPU
		{65258393-0F23-46FB-91DE-52B1ECE78B1B}.Debug|Any CPU.Build.0 = Debug|Any CPU
		{65258393-0F23-46FB-91DE-52B1ECE78B1B}.Release|Any CPU.ActiveCfg = Release|Any CPU
		{65258393-0F23-46FB-91DE-52B1ECE78B1B}.Release|Any CPU.Build.0 = Release|Any CPU
	EndGlobalSection
EndGlobal
